
Microsoft Visual Studio Solution File, Format Version 12.00
# Visual Studio 15
VisualStudioVersion = 15.0.28307.1525
MinimumVisualStudioVersion = 10.0.40219.1
Project("{FAE04EC0-301F-11D3-BF4B-00C04F79EFBC}") = "DrinkWaterReminder", "DrinkWaterReminder\DrinkWaterReminder.csproj", "{452B4EA8-0B19-4649-9F61-BCCCAFD96556}"
EndProject
Global
	GlobalSection(SolutionConfigurationPlatforms) = preSolution
		Debug|Any CPU = Debug|Any CPU
		Release|Any CPU = Release|Any CPU
	EndGlobalSection
	GlobalSection(ProjectConfigurationPlatforms) = postSolution
		{452B4EA8-0B19-4649-9F61-BCCCAFD96556}.Debug|Any CPU.ActiveCfg = Debug|Any CPU
		{452B4EA8-0B19-4649-9F61-BCCCAFD96556}.Debug|Any CPU.Build.0 = Debug|Any CPU
		{452B4EA8-0B19-4649-9F61-BCCCAFD96556}.Release|Any CPU.ActiveCfg = Release|Any CPU
		{452B4EA8-0B19-4649-9F61-BCCCAFD96556}.Release|Any CPU.Build.0 = Release|Any CPU
	EndGlobalSection
	GlobalSection(SolutionProperties) = preSolution
		HideSolutionNode = FALSE
	EndGlobalSection
	GlobalSection(ExtensibilityGlobals) = postSolution
		SolutionGuid = {B80F91B8-CC8E-4016-BC42-5E462ECC2961}
	EndGlobalSection
EndGlobal
